
Microsoft Visual Studio Solution File, Format Version 12.00
# Visual Studio Version 17
VisualStudioVersion = 17.4.33213.308
MinimumVisualStudioVersion = 10.0.40219.1
Project("{FAE04EC0-301F-11D3-BF4B-00C04F79EFBC}") = "ProyectoFinal_API", "ProyectoFinal_API\ProyectoFinal_API.csproj", "{A9B1F562-3614-406B-9759-C5A23840342A}"
EndProject
Global
	GlobalSection(SolutionConfigurationPlatforms) = preSolution
		Debug|Any CPU = Debug|Any CPU
		Release|Any CPU = Release|Any CPU
	EndGlobalSection
	GlobalSection(ProjectConfigurationPlatforms) = postSolution
		{A9B1F562-3614-406B-9759-C5A23840342A}.Debug|Any CPU.ActiveCfg = Debug|Any CPU
		{A9B1F562-3614-406B-9759-C5A23840342A}.Debug|Any CPU.Build.0 = Debug|Any CPU
		{A9B1F562-3614-406B-9759-C5A23840342A}.Release|Any CPU.ActiveCfg = Release|Any CPU
		{A9B1F562-3614-406B-9759-C5A23840342A}.Release|Any CPU.Build.0 = Release|Any CPU
	EndGlobalSection
	GlobalSection(SolutionProperties) = preSolution
		HideSolutionNode = FALSE
	EndGlobalSection
	GlobalSection(ExtensibilityGlobals) = postSolution
		SolutionGuid = {B25FF16D-6A16-416B-8D88-FE52AF8D771A}
	EndGlobalSection
EndGlobal
